
Microsoft Visual Studio Solution File, Format Version 12.00
# Visual Studio Version 16
VisualStudioVersion = 16.0.33328.57
MinimumVisualStudioVersion = 10.0.40219.1
Project("{FAE04EC0-301F-11D3-BF4B-00C04F79EFBC}") = "AppPlaces", "AppPlaces\AppPlaces.csproj", "{FD8EE3FE-7E3F-4572-87B4-60594BCB620F}"
EndProject
Global
	GlobalSection(SolutionConfigurationPlatforms) = preSolution
		Debug|Any CPU = Debug|Any CPU
		Release|Any CPU = Release|Any CPU
	EndGlobalSection
	GlobalSection(ProjectConfigurationPlatforms) = postSolution
		{FD8EE3FE-7E3F-4572-87B4-60594BCB620F}.Debug|Any CPU.ActiveCfg = Debug|Any CPU
		{FD8EE3FE-7E3F-4572-87B4-60594BCB620F}.Debug|Any CPU.Build.0 = Debug|Any CPU
		{FD8EE3FE-7E3F-4572-87B4-60594BCB620F}.Release|Any CPU.ActiveCfg = Release|Any CPU
		{FD8EE3FE-7E3F-4572-87B4-60594BCB620F}.Release|Any CPU.Build.0 = Release|Any CPU
	EndGlobalSection
	GlobalSection(SolutionProperties) = preSolution
		HideSolutionNode = FALSE
	EndGlobalSection
	GlobalSection(ExtensibilityGlobals) = postSolution
		SolutionGuid = {A766C9D9-7310-4427-81BC-888CF518C208}
	EndGlobalSection
EndGlobal
